# This file is automatically @generated by Cargo.
# It is not intended for manual editing.
version = 4

[[package]]
name = "fmt2"
version = "0.1.0"
dependencies = [
 "transmute_guard",
]

[[package]]
name = "transmute_guard"
version = "0.1.0"
source = "registry+https://github.com/rust-lang/crates.io-index"
checksum = "01647616f3b43859ff9b65a7a3c9a27f5062402f88277c1f5d2e51a3ef8c4b8b"
